{
  "name": "excelhtml5",
  "version": "1.0.0",
  "lockfileVersion": 1,
  "requires": true,
  "dependencies": {
    "sheetjs": {
      "version": "1.0.21",
      "resolved": "https://registry.npmjs.org/sheetjs/-/sheetjs-1.0.21.tgz",
      "integrity": "sha1-TbfAInI/rUQpHlzIcs2HEOBmB+M="
    }
  }
}
